
Microsoft Visual Studio Solution File, Format Version 12.00
# Visual Studio Version 16
VisualStudioVersion = 16.0.31702.278
MinimumVisualStudioVersion = 10.0.40219.1
Project("{FAE04EC0-301F-11D3-BF4B-00C04F79EFBC}") = "BranchingTest", "BranchingTest\BranchingTest.csproj", "{39A6FF25-C926-4F1E-8FCB-3D8B8EF962CC}"
EndProject
Global
	GlobalSection(SolutionConfigurationPlatforms) = preSolution
		Debug|Any CPU = Debug|Any CPU
		Release|Any CPU = Release|Any CPU
	EndGlobalSection
	GlobalSection(ProjectConfigurationPlatforms) = postSolution
		{39A6FF25-C926-4F1E-8FCB-3D8B8EF962CC}.Debug|Any CPU.ActiveCfg = Debug|Any CPU
		{39A6FF25-C926-4F1E-8FCB-3D8B8EF962CC}.Debug|Any CPU.Build.0 = Debug|Any CPU
		{39A6FF25-C926-4F1E-8FCB-3D8B8EF962CC}.Release|Any CPU.ActiveCfg = Release|Any CPU
		{39A6FF25-C926-4F1E-8FCB-3D8B8EF962CC}.Release|Any CPU.Build.0 = Release|Any CPU
	EndGlobalSection
	GlobalSection(SolutionProperties) = preSolution
		HideSolutionNode = FALSE
	EndGlobalSection
	GlobalSection(ExtensibilityGlobals) = postSolution
		SolutionGuid = {336BE988-F7A7-4D1C-9F60-F39602033E7C}
	EndGlobalSection
EndGlobal
